
Microsoft Visual Studio Solution File, Format Version 12.00
Project("{FAE04EC0-301F-11D3-BF4B-00C04F79EFBC}") = "Domain.Seedwork", "Domain.Seedwork\Domain.Seedwork.csproj", "{3B979714-19DF-47D2-9308-81593CE37A93}"
EndProject
Project("{2150E333-8FDC-42A3-9474-1A3956D46DE8}") = "Tests", "Tests", "{CA1D68AA-8741-4D81-85EA-C463992A22D2}"
EndProject
Project("{FAE04EC0-301F-11D3-BF4B-00C04F79EFBC}") = "Domain.Seedwork.Tests", "Domain.Seedwork.Tests\Domain.Seedwork.Tests.csproj", "{8F71D287-AC36-4F4A-8A20-F7B603A33CD3}"
EndProject
Global
	GlobalSection(SolutionConfigurationPlatforms) = preSolution
		Debug|Any CPU = Debug|Any CPU
		Release|Any CPU = Release|Any CPU
	EndGlobalSection
	GlobalSection(ProjectConfigurationPlatforms) = postSolution
		{3B979714-19DF-47D2-9308-81593CE37A93}.Debug|Any CPU.ActiveCfg = Debug|Any CPU
		{3B979714-19DF-47D2-9308-81593CE37A93}.Debug|Any CPU.Build.0 = Debug|Any CPU
		{3B979714-19DF-47D2-9308-81593CE37A93}.Release|Any CPU.ActiveCfg = Release|Any CPU
		{3B979714-19DF-47D2-9308-81593CE37A93}.Release|Any CPU.Build.0 = Release|Any CPU
		{8F71D287-AC36-4F4A-8A20-F7B603A33CD3}.Debug|Any CPU.ActiveCfg = Debug|Any CPU
		{8F71D287-AC36-4F4A-8A20-F7B603A33CD3}.Debug|Any CPU.Build.0 = Debug|Any CPU
		{8F71D287-AC36-4F4A-8A20-F7B603A33CD3}.Release|Any CPU.ActiveCfg = Release|Any CPU
		{8F71D287-AC36-4F4A-8A20-F7B603A33CD3}.Release|Any CPU.Build.0 = Release|Any CPU
	EndGlobalSection
	GlobalSection(NestedProjects) = preSolution
		{8F71D287-AC36-4F4A-8A20-F7B603A33CD3} = {CA1D68AA-8741-4D81-85EA-C463992A22D2}
	EndGlobalSection
EndGlobal
